{
  "name": "@pureproxy/mitmproxy",
  "version": "1.0.0",
  "lockfileVersion": 1,
  "requires": true,
  "dependencies": {
    "@pureproxy/pureproxy": {
      "version": "1.0.0",
      "resolved": "https://registry.npmjs.org/@pureproxy/pureproxy/-/pureproxy-1.0.0.tgz",
      "integrity": "sha512-TbCWAfyiyrpeicbasZlg6CEs1OpFjxmhSajgL3W+s61g0L4i0jttvoN04to2/tRd1JMpoBL83GkpwZtvHUbpaA=="
    },
    "native-duplexpair": {
      "version": "1.0.0",
      "resolved": "https://registry.npmjs.org/native-duplexpair/-/native-duplexpair-1.0.0.tgz",
      "integrity": "sha1-eJkHjmS/PIo9cyYBs9QP8F21j6A="
    },
    "node-forge": {
      "version": "0.8.2",
      "resolved": "https://registry.npmjs.org/node-forge/-/node-forge-0.8.2.tgz",
      "integrity": "sha512-mXQ9GBq1N3uDCyV1pdSzgIguwgtVpM7f5/5J4ipz12PKWElmPpVWLDuWl8iXmhysr21+WmX/OJ5UKx82wjomgg=="
    }
  }
}
